
Microsoft Visual Studio Solution File, Format Version 12.00
# Visual Studio Version 16
VisualStudioVersion = 16.0.31025.194
MinimumVisualStudioVersion = 10.0.40219.1
Project("{FAE04EC0-301F-11D3-BF4B-00C04F79EFBC}") = "FUTStats.API", "FUTStats\FUTStats.API.csproj", "{D4EBEFD8-6422-4E51-A594-EE42DFD813F2}"
EndProject
Project("{FAE04EC0-301F-11D3-BF4B-00C04F79EFBC}") = "FUTStats.Application", "FUTStats.Application\FUTStats.Application.csproj", "{6BE7283E-49BA-4D46-B04B-34AA3A2D6B99}"
EndProject
Project("{FAE04EC0-301F-11D3-BF4B-00C04F79EFBC}") = "FUTStats.Infrastructure", "FUTStats.Infrastructure\FUTStats.Infrastructure.csproj", "{46A1AC0B-B6D5-4744-B81E-ED523C1CE255}"
EndProject
Global
	GlobalSection(SolutionConfigurationPlatforms) = preSolution
		Debug|Any CPU = Debug|Any CPU
		Release|Any CPU = Release|Any CPU
	EndGlobalSection
	GlobalSection(ProjectConfigurationPlatforms) = postSolution
		{D4EBEFD8-6422-4E51-A594-EE42DFD813F2}.Debug|Any CPU.ActiveCfg = Debug|Any CPU
		{D4EBEFD8-6422-4E51-A594-EE42DFD813F2}.Debug|Any CPU.Build.0 = Debug|Any CPU
		{D4EBEFD8-6422-4E51-A594-EE42DFD813F2}.Release|Any CPU.ActiveCfg = Release|Any CPU
		{D4EBEFD8-6422-4E51-A594-EE42DFD813F2}.Release|Any CPU.Build.0 = Release|Any CPU
		{6BE7283E-49BA-4D46-B04B-34AA3A2D6B99}.Debug|Any CPU.ActiveCfg = Debug|Any CPU
		{6BE7283E-49BA-4D46-B04B-34AA3A2D6B99}.Debug|Any CPU.Build.0 = Debug|Any CPU
		{6BE7283E-49BA-4D46-B04B-34AA3A2D6B99}.Release|Any CPU.ActiveCfg = Release|Any CPU
		{6BE7283E-49BA-4D46-B04B-34AA3A2D6B99}.Release|Any CPU.Build.0 = Release|Any CPU
		{46A1AC0B-B6D5-4744-B81E-ED523C1CE255}.Debug|Any CPU.ActiveCfg = Debug|Any CPU
		{46A1AC0B-B6D5-4744-B81E-ED523C1CE255}.Debug|Any CPU.Build.0 = Debug|Any CPU
		{46A1AC0B-B6D5-4744-B81E-ED523C1CE255}.Release|Any CPU.ActiveCfg = Release|Any CPU
		{46A1AC0B-B6D5-4744-B81E-ED523C1CE255}.Release|Any CPU.Build.0 = Release|Any CPU
	EndGlobalSection
	GlobalSection(SolutionProperties) = preSolution
		HideSolutionNode = FALSE
	EndGlobalSection
	GlobalSection(ExtensibilityGlobals) = postSolution
		SolutionGuid = {70569639-8053-417A-91D9-CCD563AB5A2D}
	EndGlobalSection
EndGlobal
